
Microsoft Visual Studio Solution File, Format Version 12.00
# Visual Studio Version 17
VisualStudioVersion = 17.9.34607.119
MinimumVisualStudioVersion = 10.0.40219.1
Project("{FAE04EC0-301F-11D3-BF4B-00C04F79EFBC}") = "CarsAPI", "CarsAPI.csproj", "{14D845B0-44D3-41AF-AB27-44797F542BA4}"
EndProject
Project("{FAE04EC0-301F-11D3-BF4B-00C04F79EFBC}") = "Cars.Data.Services", "..\CarsAPI.Services.Data\Cars.Data.Services.csproj", "{21682E94-D4DC-48CE-BE5C-2F83A3B17B72}"
EndProject
Project("{2150E333-8FDC-42A3-9474-1A3956D46DE8}") = "Web", "Web", "{DFF5108B-8097-4293-84FF-7FA026A378E5}"
EndProject
Project("{FAE04EC0-301F-11D3-BF4B-00C04F79EFBC}") = "Cars.Web.ViewModels", "..\Cars.Web.ViewModels\Cars.Web.ViewModels.csproj", "{8AB926C1-0584-49E6-97B7-A6AA0812AD0F}"
EndProject
Project("{2150E333-8FDC-42A3-9474-1A3956D46DE8}") = "Data", "Data", "{6EF9140D-9334-472A-9322-4085B41E3429}"
EndProject
Project("{FAE04EC0-301F-11D3-BF4B-00C04F79EFBC}") = "Cars.Data", "..\Cars.Data\Cars.Data.csproj", "{5A1F16E1-005F-49E8-BB50-DF532656B410}"
EndProject
Project("{FAE04EC0-301F-11D3-BF4B-00C04F79EFBC}") = "Cars.Data.Models", "..\Cars.Data.Models\Cars.Data.Models.csproj", "{17079025-C2FF-4986-865D-939B74C649B3}"
EndProject
Global
	GlobalSection(SolutionConfigurationPlatforms) = preSolution
		Debug|Any CPU = Debug|Any CPU
		Release|Any CPU = Release|Any CPU
	EndGlobalSection
	GlobalSection(ProjectConfigurationPlatforms) = postSolution
		{14D845B0-44D3-41AF-AB27-44797F542BA4}.Debug|Any CPU.ActiveCfg = Debug|Any CPU
		{14D845B0-44D3-41AF-AB27-44797F542BA4}.Debug|Any CPU.Build.0 = Debug|Any CPU
		{14D845B0-44D3-41AF-AB27-44797F542BA4}.Release|Any CPU.ActiveCfg = Release|Any CPU
		{14D845B0-44D3-41AF-AB27-44797F542BA4}.Release|Any CPU.Build.0 = Release|Any CPU
		{21682E94-D4DC-48CE-BE5C-2F83A3B17B72}.Debug|Any CPU.ActiveCfg = Debug|Any CPU
		{21682E94-D4DC-48CE-BE5C-2F83A3B17B72}.Debug|Any CPU.Build.0 = Debug|Any CPU
		{21682E94-D4DC-48CE-BE5C-2F83A3B17B72}.Release|Any CPU.ActiveCfg = Release|Any CPU
		{21682E94-D4DC-48CE-BE5C-2F83A3B17B72}.Release|Any CPU.Build.0 = Release|Any CPU
		{8AB926C1-0584-49E6-97B7-A6AA0812AD0F}.Debug|Any CPU.ActiveCfg = Debug|Any CPU
		{8AB926C1-0584-49E6-97B7-A6AA0812AD0F}.Debug|Any CPU.Build.0 = Debug|Any CPU
		{8AB926C1-0584-49E6-97B7-A6AA0812AD0F}.Release|Any CPU.ActiveCfg = Release|Any CPU
		{8AB926C1-0584-49E6-97B7-A6AA0812AD0F}.Release|Any CPU.Build.0 = Release|Any CPU
		{5A1F16E1-005F-49E8-BB50-DF532656B410}.Debug|Any CPU.ActiveCfg = Debug|Any CPU
		{5A1F16E1-005F-49E8-BB50-DF532656B410}.Debug|Any CPU.Build.0 = Debug|Any CPU
		{5A1F16E1-005F-49E8-BB50-DF532656B410}.Release|Any CPU.ActiveCfg = Release|Any CPU
		{5A1F16E1-005F-49E8-BB50-DF532656B410}.Release|Any CPU.Build.0 = Release|Any CPU
		{17079025-C2FF-4986-865D-939B74C649B3}.Debug|Any CPU.ActiveCfg = Debug|Any CPU
		{17079025-C2FF-4986-865D-939B74C649B3}.Debug|Any CPU.Build.0 = Debug|Any CPU
		{17079025-C2FF-4986-865D-939B74C649B3}.Release|Any CPU.ActiveCfg = Release|Any CPU
		{17079025-C2FF-4986-865D-939B74C649B3}.Release|Any CPU.Build.0 = Release|Any CPU
	EndGlobalSection
	GlobalSection(SolutionProperties) = preSolution
		HideSolutionNode = FALSE
	EndGlobalSection
	GlobalSection(NestedProjects) = preSolution
		{14D845B0-44D3-41AF-AB27-44797F542BA4} = {DFF5108B-8097-4293-84FF-7FA026A378E5}
		{21682E94-D4DC-48CE-BE5C-2F83A3B17B72} = {6EF9140D-9334-472A-9322-4085B41E3429}
		{8AB926C1-0584-49E6-97B7-A6AA0812AD0F} = {DFF5108B-8097-4293-84FF-7FA026A378E5}
		{5A1F16E1-005F-49E8-BB50-DF532656B410} = {6EF9140D-9334-472A-9322-4085B41E3429}
		{17079025-C2FF-4986-865D-939B74C649B3} = {6EF9140D-9334-472A-9322-4085B41E3429}
	EndGlobalSection
	GlobalSection(ExtensibilityGlobals) = postSolution
		SolutionGuid = {6D8734E3-23C8-4D07-B10E-0993963815CB}
	EndGlobalSection
EndGlobal
